
Microsoft Visual Studio Solution File, Format Version 12.00
# Visual Studio 15
VisualStudioVersion = 15.0.28307.1267
MinimumVisualStudioVersion = 10.0.40219.1
Project("{8BC9CEB8-8B4A-11D0-8D11-00A0C91BC942}") = "S005_Mikhaylova", "S005_Mikhaylova\S005_Mikhaylova.vcxproj", "{FBEC094C-A5DE-4E6F-AC28-FCDFE25190EC}"
EndProject
Global
	GlobalSection(SolutionConfigurationPlatforms) = preSolution
		Debug|x64 = Debug|x64
		Debug|x86 = Debug|x86
		Release|x64 = Release|x64
		Release|x86 = Release|x86
	EndGlobalSection
	GlobalSection(ProjectConfigurationPlatforms) = postSolution
		{FBEC094C-A5DE-4E6F-AC28-FCDFE25190EC}.Debug|x64.ActiveCfg = Debug|x64
		{FBEC094C-A5DE-4E6F-AC28-FCDFE25190EC}.Debug|x64.Build.0 = Debug|x64
		{FBEC094C-A5DE-4E6F-AC28-FCDFE25190EC}.Debug|x86.ActiveCfg = Debug|Win32
		{FBEC094C-A5DE-4E6F-AC28-FCDFE25190EC}.Debug|x86.Build.0 = Debug|Win32
		{FBEC094C-A5DE-4E6F-AC28-FCDFE25190EC}.Release|x64.ActiveCfg = Release|x64
		{FBEC094C-A5DE-4E6F-AC28-FCDFE25190EC}.Release|x64.Build.0 = Release|x64
		{FBEC094C-A5DE-4E6F-AC28-FCDFE25190EC}.Release|x86.ActiveCfg = Release|Win32
		{FBEC094C-A5DE-4E6F-AC28-FCDFE25190EC}.Release|x86.Build.0 = Release|Win32
	EndGlobalSection
	GlobalSection(SolutionProperties) = preSolution
		HideSolutionNode = FALSE
	EndGlobalSection
	GlobalSection(ExtensibilityGlobals) = postSolution
		SolutionGuid = {91B58098-040B-4BBE-8231-51CEE054EAF3}
	EndGlobalSection
EndGlobal
